
Microsoft Visual Studio Solution File, Format Version 12.00
# Visual Studio Version 17
VisualStudioVersion = 17.0.31903.59
MinimumVisualStudioVersion = 10.0.40219.1
Project("{2150E333-8FDC-42A3-9474-1A3956D46DE8}") = "Interface", "Interface", "{1FEED4AB-6ABD-43E3-A512-DE6D3076AA6E}"
EndProject
Project("{FAE04EC0-301F-11D3-BF4B-00C04F79EFBC}") = "FootballManger.Interface.WebApi", "Interface\FootballManger.Interface.WebApi\FootballManger.Interface.WebApi.csproj", "{DDA98847-5C60-47F1-B0DD-1C45D3BAB5B1}"
EndProject
Project("{2150E333-8FDC-42A3-9474-1A3956D46DE8}") = "Data", "Data", "{5E0C1C3B-662C-432D-A23F-B83D6BD512B8}"
EndProject
Project("{FAE04EC0-301F-11D3-BF4B-00C04F79EFBC}") = "FootballManager.Data.Entities", "Data\FootballManager.Data.Entities\FootballManager.Data.Entities.csproj", "{15DD6C79-614B-4D7D-A9B2-0E345F70DAEB}"
EndProject
Project("{FAE04EC0-301F-11D3-BF4B-00C04F79EFBC}") = "FootballManager.Data.DataAccess", "Data\FootballManager.Data.DataAccess\FootballManager.Data.DataAccess.csproj", "{C834BDA9-07FA-40D2-94D6-922C2CC838C3}"
EndProject
Project("{2150E333-8FDC-42A3-9474-1A3956D46DE8}") = "Logic", "Logic", "{E37B342E-5225-427B-A7B5-DB74C7B2E2B7}"
EndProject
Project("{FAE04EC0-301F-11D3-BF4B-00C04F79EFBC}") = "FootballManager.Logic.Business", "Logic\FootballManager.Logic.Business\FootballManager.Logic.Business.csproj", "{19BF3550-CAEF-4CF7-AA47-074BE65F6A8F}"
EndProject
Global
	GlobalSection(SolutionConfigurationPlatforms) = preSolution
		Debug|Any CPU = Debug|Any CPU
		Release|Any CPU = Release|Any CPU
	EndGlobalSection
	GlobalSection(SolutionProperties) = preSolution
		HideSolutionNode = FALSE
	EndGlobalSection
	GlobalSection(ProjectConfigurationPlatforms) = postSolution
		{59578DA9-A79A-4595-AE73-92562FDD2B81}.Debug|Any CPU.ActiveCfg = Debug|Any CPU
		{59578DA9-A79A-4595-AE73-92562FDD2B81}.Debug|Any CPU.Build.0 = Debug|Any CPU
		{59578DA9-A79A-4595-AE73-92562FDD2B81}.Release|Any CPU.ActiveCfg = Release|Any CPU
		{59578DA9-A79A-4595-AE73-92562FDD2B81}.Release|Any CPU.Build.0 = Release|Any CPU
		{51EE6296-834E-4F94-A55E-14F2A4B9D0F3}.Debug|Any CPU.ActiveCfg = Debug|Any CPU
		{51EE6296-834E-4F94-A55E-14F2A4B9D0F3}.Debug|Any CPU.Build.0 = Debug|Any CPU
		{51EE6296-834E-4F94-A55E-14F2A4B9D0F3}.Release|Any CPU.ActiveCfg = Release|Any CPU
		{51EE6296-834E-4F94-A55E-14F2A4B9D0F3}.Release|Any CPU.Build.0 = Release|Any CPU
		{DDA98847-5C60-47F1-B0DD-1C45D3BAB5B1}.Debug|Any CPU.ActiveCfg = Debug|Any CPU
		{DDA98847-5C60-47F1-B0DD-1C45D3BAB5B1}.Debug|Any CPU.Build.0 = Debug|Any CPU
		{DDA98847-5C60-47F1-B0DD-1C45D3BAB5B1}.Release|Any CPU.ActiveCfg = Release|Any CPU
		{DDA98847-5C60-47F1-B0DD-1C45D3BAB5B1}.Release|Any CPU.Build.0 = Release|Any CPU
		{15DD6C79-614B-4D7D-A9B2-0E345F70DAEB}.Debug|Any CPU.ActiveCfg = Debug|Any CPU
		{15DD6C79-614B-4D7D-A9B2-0E345F70DAEB}.Debug|Any CPU.Build.0 = Debug|Any CPU
		{15DD6C79-614B-4D7D-A9B2-0E345F70DAEB}.Release|Any CPU.ActiveCfg = Release|Any CPU
		{15DD6C79-614B-4D7D-A9B2-0E345F70DAEB}.Release|Any CPU.Build.0 = Release|Any CPU
		{C834BDA9-07FA-40D2-94D6-922C2CC838C3}.Debug|Any CPU.ActiveCfg = Debug|Any CPU
		{C834BDA9-07FA-40D2-94D6-922C2CC838C3}.Debug|Any CPU.Build.0 = Debug|Any CPU
		{C834BDA9-07FA-40D2-94D6-922C2CC838C3}.Release|Any CPU.ActiveCfg = Release|Any CPU
		{C834BDA9-07FA-40D2-94D6-922C2CC838C3}.Release|Any CPU.Build.0 = Release|Any CPU
		{19BF3550-CAEF-4CF7-AA47-074BE65F6A8F}.Debug|Any CPU.ActiveCfg = Debug|Any CPU
		{19BF3550-CAEF-4CF7-AA47-074BE65F6A8F}.Debug|Any CPU.Build.0 = Debug|Any CPU
		{19BF3550-CAEF-4CF7-AA47-074BE65F6A8F}.Release|Any CPU.ActiveCfg = Release|Any CPU
		{19BF3550-CAEF-4CF7-AA47-074BE65F6A8F}.Release|Any CPU.Build.0 = Release|Any CPU
	EndGlobalSection
	GlobalSection(NestedProjects) = preSolution
		{DDA98847-5C60-47F1-B0DD-1C45D3BAB5B1} = {1FEED4AB-6ABD-43E3-A512-DE6D3076AA6E}
		{15DD6C79-614B-4D7D-A9B2-0E345F70DAEB} = {5E0C1C3B-662C-432D-A23F-B83D6BD512B8}
		{C834BDA9-07FA-40D2-94D6-922C2CC838C3} = {5E0C1C3B-662C-432D-A23F-B83D6BD512B8}
		{19BF3550-CAEF-4CF7-AA47-074BE65F6A8F} = {E37B342E-5225-427B-A7B5-DB74C7B2E2B7}
	EndGlobalSection
EndGlobal
